
Microsoft Visual Studio Solution File, Format Version 12.00
# Visual Studio Version 17
VisualStudioVersion = 17.0.31903.59
MinimumVisualStudioVersion = 10.0.40219.1
Project("{9A19103F-16F7-4668-BE54-9A1E7A4F7556}") = "Laway_SportStore", "Laway_SportStore\Laway_SportStore.csproj", "{CCA5B5C4-5B61-4042-AE2F-4D69D00C5163}"
EndProject
Global
	GlobalSection(SolutionConfigurationPlatforms) = preSolution
		Debug|Any CPU = Debug|Any CPU
		Release|Any CPU = Release|Any CPU
	EndGlobalSection
	GlobalSection(ProjectConfigurationPlatforms) = postSolution
		{CCA5B5C4-5B61-4042-AE2F-4D69D00C5163}.Debug|Any CPU.ActiveCfg = Debug|Any CPU
		{CCA5B5C4-5B61-4042-AE2F-4D69D00C5163}.Debug|Any CPU.Build.0 = Debug|Any CPU
		{CCA5B5C4-5B61-4042-AE2F-4D69D00C5163}.Release|Any CPU.ActiveCfg = Release|Any CPU
		{CCA5B5C4-5B61-4042-AE2F-4D69D00C5163}.Release|Any CPU.Build.0 = Release|Any CPU
	EndGlobalSection
	GlobalSection(SolutionProperties) = preSolution
		HideSolutionNode = FALSE
	EndGlobalSection
	GlobalSection(ExtensibilityGlobals) = postSolution
		SolutionGuid = {D43E9001-2FC5-4D3A-930E-8BEA1EDB742D}
	EndGlobalSection
EndGlobal
