
Microsoft Visual Studio Solution File, Format Version 12.00
# Visual Studio Version 17
VisualStudioVersion = 17.4.33110.190
MinimumVisualStudioVersion = 10.0.40219.1
Project("{FAE04EC0-301F-11D3-BF4B-00C04F79EFBC}") = "Laway_SportStore", "Laway_SportStore.csproj", "{0D07588E-3C33-4855-9B67-830F60FBCBB9}"
EndProject
Global
	GlobalSection(SolutionConfigurationPlatforms) = preSolution
		Debug|Any CPU = Debug|Any CPU
		Release|Any CPU = Release|Any CPU
	EndGlobalSection
	GlobalSection(ProjectConfigurationPlatforms) = postSolution
		{0D07588E-3C33-4855-9B67-830F60FBCBB9}.Debug|Any CPU.ActiveCfg = Debug|Any CPU
		{0D07588E-3C33-4855-9B67-830F60FBCBB9}.Debug|Any CPU.Build.0 = Debug|Any CPU
		{0D07588E-3C33-4855-9B67-830F60FBCBB9}.Release|Any CPU.ActiveCfg = Release|Any CPU
		{0D07588E-3C33-4855-9B67-830F60FBCBB9}.Release|Any CPU.Build.0 = Release|Any CPU
	EndGlobalSection
	GlobalSection(SolutionProperties) = preSolution
		HideSolutionNode = FALSE
	EndGlobalSection
	GlobalSection(ExtensibilityGlobals) = postSolution
		SolutionGuid = {CF4D4BFE-E6B6-4233-9C37-4DD6EFF7BC33}
	EndGlobalSection
EndGlobal
